
Microsoft Visual Studio Solution File, Format Version 12.00
# Visual Studio 14
VisualStudioVersion = 14.0.25420.1
MinimumVisualStudioVersion = 10.0.40219.1
Project("{FAE04EC0-301F-11D3-BF4B-00C04F79EFBC}") = "ComicViewer", "ComicViewer\ComicViewer\ComicViewer.csproj", "{57451FF0-723C-4FFA-A6C2-35C03473DAB2}"
EndProject
Project("{FAE04EC0-301F-11D3-BF4B-00C04F79EFBC}") = "ComicViewer.Droid", "ComicViewer\ComicViewer.Droid\ComicViewer.Droid.csproj", "{E07C535A-4BBC-46B4-B63B-FE383D96284A}"
EndProject
Project("{FAE04EC0-301F-11D3-BF4B-00C04F79EFBC}") = "ComicViewer.iOS", "ComicViewer\ComicViewer.iOS\ComicViewer.iOS.csproj", "{EA3626AE-1E24-48A2-BC58-C1DA05B76AA8}"
EndProject
Project("{FAE04EC0-301F-11D3-BF4B-00C04F79EFBC}") = "ComicViewer.UWP", "ComicViewer\ComicViewer.UWP\ComicViewer.UWP.csproj", "{BE9F79BC-6432-4F6D-A5D1-D6F0659C966B}"
EndProject
Global
	GlobalSection(SolutionConfigurationPlatforms) = preSolution
		Ad-Hoc|Any CPU = Ad-Hoc|Any CPU
		Ad-Hoc|ARM = Ad-Hoc|ARM
		Ad-Hoc|iPhone = Ad-Hoc|iPhone
		Ad-Hoc|iPhoneSimulator = Ad-Hoc|iPhoneSimulator
		Ad-Hoc|x64 = Ad-Hoc|x64
		Ad-Hoc|x86 = Ad-Hoc|x86
		AppStore|Any CPU = AppStore|Any CPU
		AppStore|ARM = AppStore|ARM
		AppStore|iPhone = AppStore|iPhone
		AppStore|iPhoneSimulator = AppStore|iPhoneSimulator
		AppStore|x64 = AppStore|x64
		AppStore|x86 = AppStore|x86
		Debug|Any CPU = Debug|Any CPU
		Debug|ARM = Debug|ARM
		Debug|iPhone = Debug|iPhone
		Debug|iPhoneSimulator = Debug|iPhoneSimulator
		Debug|x64 = Debug|x64
		Debug|x86 = Debug|x86
		Release|Any CPU = Release|Any CPU
		Release|ARM = Release|ARM
		Release|iPhone = Release|iPhone
		Release|iPhoneSimulator = Release|iPhoneSimulator
		Release|x64 = Release|x64
		Release|x86 = Release|x86
	EndGlobalSection
	GlobalSection(ProjectConfigurationPlatforms) = postSolution
		{57451FF0-723C-4FFA-A6C2-35C03473DAB2}.Ad-Hoc|Any CPU.ActiveCfg = Release|Any CPU
		{57451FF0-723C-4FFA-A6C2-35C03473DAB2}.Ad-Hoc|Any CPU.Build.0 = Release|Any CPU
		{57451FF0-723C-4FFA-A6C2-35C03473DAB2}.Ad-Hoc|ARM.ActiveCfg = Release|Any CPU
		{57451FF0-723C-4FFA-A6C2-35C03473DAB2}.Ad-Hoc|ARM.Build.0 = Release|Any CPU
		{57451FF0-723C-4FFA-A6C2-35C03473DAB2}.Ad-Hoc|iPhone.ActiveCfg = Release|Any CPU
		{57451FF0-723C-4FFA-A6C2-35C03473DAB2}.Ad-Hoc|iPhone.Build.0 = Release|Any CPU
		{57451FF0-723C-4FFA-A6C2-35C03473DAB2}.Ad-Hoc|iPhoneSimulator.ActiveCfg = Release|Any CPU
		{57451FF0-723C-4FFA-A6C2-35C03473DAB2}.Ad-Hoc|iPhoneSimulator.Build.0 = Release|Any CPU
		{57451FF0-723C-4FFA-A6C2-35C03473DAB2}.Ad-Hoc|x64.ActiveCfg = Release|Any CPU
		{57451FF0-723C-4FFA-A6C2-35C03473DAB2}.Ad-Hoc|x64.Build.0 = Release|Any CPU
		{57451FF0-723C-4FFA-A6C2-35C03473DAB2}.Ad-Hoc|x86.ActiveCfg = Release|Any CPU
		{57451FF0-723C-4FFA-A6C2-35C03473DAB2}.Ad-Hoc|x86.Build.0 = Release|Any CPU
		{57451FF0-723C-4FFA-A6C2-35C03473DAB2}.AppStore|Any CPU.ActiveCfg = Release|Any CPU
		{57451FF0-723C-4FFA-A6C2-35C03473DAB2}.AppStore|Any CPU.Build.0 = Release|Any CPU
		{57451FF0-723C-4FFA-A6C2-35C03473DAB2}.AppStore|ARM.ActiveCfg = Release|Any CPU
		{57451FF0-723C-4FFA-A6C2-35C03473DAB2}.AppStore|ARM.Build.0 = Release|Any CPU
		{57451FF0-723C-4FFA-A6C2-35C03473DAB2}.AppStore|iPhone.ActiveCfg = Release|Any CPU
		{57451FF0-723C-4FFA-A6C2-35C03473DAB2}.AppStore|iPhone.Build.0 = Release|Any CPU
		{57451FF0-723C-4FFA-A6C2-35C03473DAB2}.AppStore|iPhoneSimulator.ActiveCfg = Release|Any CPU
		{57451FF0-723C-4FFA-A6C2-35C03473DAB2}.AppStore|iPhoneSimulator.Build.0 = Release|Any CPU
		{57451FF0-723C-4FFA-A6C2-35C03473DAB2}.AppStore|x64.ActiveCfg = Release|Any CPU
		{57451FF0-723C-4FFA-A6C2-35C03473DAB2}.AppStore|x64.Build.0 = Release|Any CPU
		{57451FF0-723C-4FFA-A6C2-35C03473DAB2}.AppStore|x86.ActiveCfg = Release|Any CPU
		{57451FF0-723C-4FFA-A6C2-35C03473DAB2}.AppStore|x86.Build.0 = Release|Any CPU
		{57451FF0-723C-4FFA-A6C2-35C03473DAB2}.Debug|Any CPU.ActiveCfg = Debug|Any CPU
		{57451FF0-723C-4FFA-A6C2-35C03473DAB2}.Debug|Any CPU.Build.0 = Debug|Any CPU
		{57451FF0-723C-4FFA-A6C2-35C03473DAB2}.Debug|ARM.ActiveCfg = Debug|Any CPU
		{57451FF0-723C-4FFA-A6C2-35C03473DAB2}.Debug|ARM.Build.0 = Debug|Any CPU
		{57451FF0-723C-4FFA-A6C2-35C03473DAB2}.Debug|iPhone.ActiveCfg = Debug|Any CPU
		{57451FF0-723C-4FFA-A6C2-35C03473DAB2}.Debug|iPhone.Build.0 = Debug|Any CPU
		{57451FF0-723C-4FFA-A6C2-35C03473DAB2}.Debug|iPhoneSimulator.ActiveCfg = Debug|Any CPU
		{57451FF0-723C-4FFA-A6C2-35C03473DAB2}.Debug|iPhoneSimulator.Build.0 = Debug|Any CPU
		{57451FF0-723C-4FFA-A6C2-35C03473DAB2}.Debug|x64.ActiveCfg = Debug|Any CPU
		{57451FF0-723C-4FFA-A6C2-35C03473DAB2}.Debug|x64.Build.0 = Debug|Any CPU
		{57451FF0-723C-4FFA-A6C2-35C03473DAB2}.Debug|x86.ActiveCfg = Debug|Any CPU
		{57451FF0-723C-4FFA-A6C2-35C03473DAB2}.Debug|x86.Build.0 = Debug|Any CPU
		{57451FF0-723C-4FFA-A6C2-35C03473DAB2}.Release|Any CPU.ActiveCfg = Release|Any CPU
		{57451FF0-723C-4FFA-A6C2-35C03473DAB2}.Release|Any CPU.Build.0 = Release|Any CPU
		{57451FF0-723C-4FFA-A6C2-35C03473DAB2}.Release|ARM.ActiveCfg = Release|Any CPU
		{57451FF0-723C-4FFA-A6C2-35C03473DAB2}.Release|ARM.Build.0 = Release|Any CPU
		{57451FF0-723C-4FFA-A6C2-35C03473DAB2}.Release|iPhone.ActiveCfg = Release|Any CPU
		{57451FF0-723C-4FFA-A6C2-35C03473DAB2}.Release|iPhone.Build.0 = Release|Any CPU
		{57451FF0-723C-4FFA-A6C2-35C03473DAB2}.Release|iPhoneSimulator.ActiveCfg = Release|Any CPU
		{57451FF0-723C-4FFA-A6C2-35C03473DAB2}.Release|iPhoneSimulator.Build.0 = Release|Any CPU
		{57451FF0-723C-4FFA-A6C2-35C03473DAB2}.Release|x64.ActiveCfg = Release|Any CPU
		{57451FF0-723C-4FFA-A6C2-35C03473DAB2}.Release|x64.Build.0 = Release|Any CPU
		{57451FF0-723C-4FFA-A6C2-35C03473DAB2}.Release|x86.ActiveCfg = Release|Any CPU
		{57451FF0-723C-4FFA-A6C2-35C03473DAB2}.Release|x86.Build.0 = Release|Any CPU
		{E07C535A-4BBC-46B4-B63B-FE383D96284A}.Ad-Hoc|Any CPU.ActiveCfg = Release|Any CPU
		{E07C535A-4BBC-46B4-B63B-FE383D96284A}.Ad-Hoc|Any CPU.Build.0 = Release|Any CPU
		{E07C535A-4BBC-46B4-B63B-FE383D96284A}.Ad-Hoc|Any CPU.Deploy.0 = Release|Any CPU
		{E07C535A-4BBC-46B4-B63B-FE383D96284A}.Ad-Hoc|ARM.ActiveCfg = Release|Any CPU
		{E07C535A-4BBC-46B4-B63B-FE383D96284A}.Ad-Hoc|ARM.Build.0 = Release|Any CPU
		{E07C535A-4BBC-46B4-B63B-FE383D96284A}.Ad-Hoc|ARM.Deploy.0 = Release|Any CPU
		{E07C535A-4BBC-46B4-B63B-FE383D96284A}.Ad-Hoc|iPhone.ActiveCfg = Release|Any CPU
		{E07C535A-4BBC-46B4-B63B-FE383D96284A}.Ad-Hoc|iPhone.Build.0 = Release|Any CPU
		{E07C535A-4BBC-46B4-B63B-FE383D96284A}.Ad-Hoc|iPhone.Deploy.0 = Release|Any CPU
		{E07C535A-4BBC-46B4-B63B-FE383D96284A}.Ad-Hoc|iPhoneSimulator.ActiveCfg = Release|Any CPU
		{E07C535A-4BBC-46B4-B63B-FE383D96284A}.Ad-Hoc|iPhoneSimulator.Build.0 = Release|Any CPU
		{E07C535A-4BBC-46B4-B63B-FE383D96284A}.Ad-Hoc|iPhoneSimulator.Deploy.0 = Release|Any CPU
		{E07C535A-4BBC-46B4-B63B-FE383D96284A}.Ad-Hoc|x64.ActiveCfg = Release|Any CPU
		{E07C535A-4BBC-46B4-B63B-FE383D96284A}.Ad-Hoc|x64.Build.0 = Release|Any CPU
		{E07C535A-4BBC-46B4-B63B-FE383D96284A}.Ad-Hoc|x64.Deploy.0 = Release|Any CPU
		{E07C535A-4BBC-46B4-B63B-FE383D96284A}.Ad-Hoc|x86.ActiveCfg = Release|Any CPU
		{E07C535A-4BBC-46B4-B63B-FE383D96284A}.Ad-Hoc|x86.Build.0 = Release|Any CPU
		{E07C535A-4BBC-46B4-B63B-FE383D96284A}.Ad-Hoc|x86.Deploy.0 = Release|Any CPU
		{E07C535A-4BBC-46B4-B63B-FE383D96284A}.AppStore|Any CPU.ActiveCfg = Release|Any CPU
		{E07C535A-4BBC-46B4-B63B-FE383D96284A}.AppStore|Any CPU.Build.0 = Release|Any CPU
		{E07C535A-4BBC-46B4-B63B-FE383D96284A}.AppStore|Any CPU.Deploy.0 = Release|Any CPU
		{E07C535A-4BBC-46B4-B63B-FE383D96284A}.AppStore|ARM.ActiveCfg = Release|Any CPU
		{E07C535A-4BBC-46B4-B63B-FE383D96284A}.AppStore|ARM.Build.0 = Release|Any CPU
		{E07C535A-4BBC-46B4-B63B-FE383D96284A}.AppStore|ARM.Deploy.0 = Release|Any CPU
		{E07C535A-4BBC-46B4-B63B-FE383D96284A}.AppStore|iPhone.ActiveCfg = Release|Any CPU
		{E07C535A-4BBC-46B4-B63B-FE383D96284A}.AppStore|iPhone.Build.0 = Release|Any CPU
		{E07C535A-4BBC-46B4-B63B-FE383D96284A}.AppStore|iPhone.Deploy.0 = Release|Any CPU
		{E07C535A-4BBC-46B4-B63B-FE383D96284A}.AppStore|iPhoneSimulator.ActiveCfg = Release|Any CPU
		{E07C535A-4BBC-46B4-B63B-FE383D96284A}.AppStore|iPhoneSimulator.Build.0 = Release|Any CPU
		{E07C535A-4BBC-46B4-B63B-FE383D96284A}.AppStore|iPhoneSimulator.Deploy.0 = Release|Any CPU
		{E07C535A-4BBC-46B4-B63B-FE383D96284A}.AppStore|x64.ActiveCfg = Release|Any CPU
		{E07C535A-4BBC-46B4-B63B-FE383D96284A}.AppStore|x64.Build.0 = Release|Any CPU
		{E07C535A-4BBC-46B4-B63B-FE383D96284A}.AppStore|x64.Deploy.0 = Release|Any CPU
		{E07C535A-4BBC-46B4-B63B-FE383D96284A}.AppStore|x86.ActiveCfg = Release|Any CPU
		{E07C535A-4BBC-46B4-B63B-FE383D96284A}.AppStore|x86.Build.0 = Release|Any CPU
		{E07C535A-4BBC-46B4-B63B-FE383D96284A}.AppStore|x86.Deploy.0 = Release|Any CPU
		{E07C535A-4BBC-46B4-B63B-FE383D96284A}.Debug|Any CPU.ActiveCfg = Debug|Any CPU
		{E07C535A-4BBC-46B4-B63B-FE383D96284A}.Debug|Any CPU.Build.0 = Debug|Any CPU
		{E07C535A-4BBC-46B4-B63B-FE383D96284A}.Debug|Any CPU.Deploy.0 = Debug|Any CPU
		{E07C535A-4BBC-46B4-B63B-FE383D96284A}.Debug|ARM.ActiveCfg = Debug|Any CPU
		{E07C535A-4BBC-46B4-B63B-FE383D96284A}.Debug|ARM.Build.0 = Debug|Any CPU
		{E07C535A-4BBC-46B4-B63B-FE383D96284A}.Debug|ARM.Deploy.0 = Debug|Any CPU
		{E07C535A-4BBC-46B4-B63B-FE383D96284A}.Debug|iPhone.ActiveCfg = Debug|Any CPU
		{E07C535A-4BBC-46B4-B63B-FE383D96284A}.Debug|iPhone.Build.0 = Debug|Any CPU
		{E07C535A-4BBC-46B4-B63B-FE383D96284A}.Debug|iPhone.Deploy.0 = Debug|Any CPU
		{E07C535A-4BBC-46B4-B63B-FE383D96284A}.Debug|iPhoneSimulator.ActiveCfg = Debug|Any CPU
		{E07C535A-4BBC-46B4-B63B-FE383D96284A}.Debug|iPhoneSimulator.Build.0 = Debug|Any CPU
		{E07C535A-4BBC-46B4-B63B-FE383D96284A}.Debug|iPhoneSimulator.Deploy.0 = Debug|Any CPU
		{E07C535A-4BBC-46B4-B63B-FE383D96284A}.Debug|x64.ActiveCfg = Debug|Any CPU
		{E07C535A-4BBC-46B4-B63B-FE383D96284A}.Debug|x64.Build.0 = Debug|Any CPU
		{E07C535A-4BBC-46B4-B63B-FE383D96284A}.Debug|x64.Deploy.0 = Debug|Any CPU
		{E07C535A-4BBC-46B4-B63B-FE383D96284A}.Debug|x86.ActiveCfg = Debug|Any CPU
		{E07C535A-4BBC-46B4-B63B-FE383D96284A}.Debug|x86.Build.0 = Debug|Any CPU
		{E07C535A-4BBC-46B4-B63B-FE383D96284A}.Debug|x86.Deploy.0 = Debug|Any CPU
		{E07C535A-4BBC-46B4-B63B-FE383D96284A}.Release|Any CPU.ActiveCfg = Release|Any CPU
		{E07C535A-4BBC-46B4-B63B-FE383D96284A}.Release|Any CPU.Build.0 = Release|Any CPU
		{E07C535A-4BBC-46B4-B63B-FE383D96284A}.Release|Any CPU.Deploy.0 = Release|Any CPU
		{E07C535A-4BBC-46B4-B63B-FE383D96284A}.Release|ARM.ActiveCfg = Release|Any CPU
		{E07C535A-4BBC-46B4-B63B-FE383D96284A}.Release|ARM.Build.0 = Release|Any CPU
		{E07C535A-4BBC-46B4-B63B-FE383D96284A}.Release|ARM.Deploy.0 = Release|Any CPU
		{E07C535A-4BBC-46B4-B63B-FE383D96284A}.Release|iPhone.ActiveCfg = Release|Any CPU
		{E07C535A-4BBC-46B4-B63B-FE383D96284A}.Release|iPhone.Build.0 = Release|Any CPU
		{E07C535A-4BBC-46B4-B63B-FE383D96284A}.Release|iPhone.Deploy.0 = Release|Any CPU
		{E07C535A-4BBC-46B4-B63B-FE383D96284A}.Release|iPhoneSimulator.ActiveCfg = Release|Any CPU
		{E07C535A-4BBC-46B4-B63B-FE383D96284A}.Release|iPhoneSimulator.Build.0 = Release|Any CPU
		{E07C535A-4BBC-46B4-B63B-FE383D96284A}.Release|iPhoneSimulator.Deploy.0 = Release|Any CPU
		{E07C535A-4BBC-46B4-B63B-FE383D96284A}.Release|x64.ActiveCfg = Release|Any CPU
		{E07C535A-4BBC-46B4-B63B-FE383D96284A}.Release|x64.Build.0 = Release|Any CPU
		{E07C535A-4BBC-46B4-B63B-FE383D96284A}.Release|x64.Deploy.0 = Release|Any CPU
		{E07C535A-4BBC-46B4-B63B-FE383D96284A}.Release|x86.ActiveCfg = Release|Any CPU
		{E07C535A-4BBC-46B4-B63B-FE383D96284A}.Release|x86.Build.0 = Release|Any CPU
		{E07C535A-4BBC-46B4-B63B-FE383D96284A}.Release|x86.Deploy.0 = Release|Any CPU
		{EA3626AE-1E24-48A2-BC58-C1DA05B76AA8}.Ad-Hoc|Any CPU.ActiveCfg = Ad-Hoc|iPhone
		{EA3626AE-1E24-48A2-BC58-C1DA05B76AA8}.Ad-Hoc|ARM.ActiveCfg = Ad-Hoc|iPhone
		{EA3626AE-1E24-48A2-BC58-C1DA05B76AA8}.Ad-Hoc|iPhone.ActiveCfg = Ad-Hoc|iPhone
		{EA3626AE-1E24-48A2-BC58-C1DA05B76AA8}.Ad-Hoc|iPhone.Build.0 = Ad-Hoc|iPhone
		{EA3626AE-1E24-48A2-BC58-C1DA05B76AA8}.Ad-Hoc|iPhoneSimulator.ActiveCfg = Ad-Hoc|iPhoneSimulator
		{EA3626AE-1E24-48A2-BC58-C1DA05B76AA8}.Ad-Hoc|iPhoneSimulator.Build.0 = Ad-Hoc|iPhoneSimulator
		{EA3626AE-1E24-48A2-BC58-C1DA05B76AA8}.Ad-Hoc|x64.ActiveCfg = Ad-Hoc|iPhone
		{EA3626AE-1E24-48A2-BC58-C1DA05B76AA8}.Ad-Hoc|x86.ActiveCfg = Ad-Hoc|iPhone
		{EA3626AE-1E24-48A2-BC58-C1DA05B76AA8}.AppStore|Any CPU.ActiveCfg = AppStore|iPhone
		{EA3626AE-1E24-48A2-BC58-C1DA05B76AA8}.AppStore|ARM.ActiveCfg = AppStore|iPhone
		{EA3626AE-1E24-48A2-BC58-C1DA05B76AA8}.AppStore|iPhone.ActiveCfg = AppStore|iPhone
		{EA3626AE-1E24-48A2-BC58-C1DA05B76AA8}.AppStore|iPhone.Build.0 = AppStore|iPhone
		{EA3626AE-1E24-48A2-BC58-C1DA05B76AA8}.AppStore|iPhoneSimulator.ActiveCfg = AppStore|iPhoneSimulator
		{EA3626AE-1E24-48A2-BC58-C1DA05B76AA8}.AppStore|iPhoneSimulator.Build.0 = AppStore|iPhoneSimulator
		{EA3626AE-1E24-48A2-BC58-C1DA05B76AA8}.AppStore|x64.ActiveCfg = AppStore|iPhone
		{EA3626AE-1E24-48A2-BC58-C1DA05B76AA8}.AppStore|x86.ActiveCfg = AppStore|iPhone
		{EA3626AE-1E24-48A2-BC58-C1DA05B76AA8}.Debug|Any CPU.ActiveCfg = Debug|iPhone
		{EA3626AE-1E24-48A2-BC58-C1DA05B76AA8}.Debug|Any CPU.Deploy.0 = Debug|iPhone
		{EA3626AE-1E24-48A2-BC58-C1DA05B76AA8}.Debug|ARM.ActiveCfg = Debug|iPhone
		{EA3626AE-1E24-48A2-BC58-C1DA05B76AA8}.Debug|iPhone.ActiveCfg = Debug|iPhone
		{EA3626AE-1E24-48A2-BC58-C1DA05B76AA8}.Debug|iPhone.Build.0 = Debug|iPhone
		{EA3626AE-1E24-48A2-BC58-C1DA05B76AA8}.Debug|iPhoneSimulator.ActiveCfg = Debug|iPhoneSimulator
		{EA3626AE-1E24-48A2-BC58-C1DA05B76AA8}.Debug|iPhoneSimulator.Build.0 = Debug|iPhoneSimulator
		{EA3626AE-1E24-48A2-BC58-C1DA05B76AA8}.Debug|x64.ActiveCfg = Debug|iPhone
		{EA3626AE-1E24-48A2-BC58-C1DA05B76AA8}.Debug|x86.ActiveCfg = Debug|iPhone
		{EA3626AE-1E24-48A2-BC58-C1DA05B76AA8}.Release|Any CPU.ActiveCfg = Release|iPhone
		{EA3626AE-1E24-48A2-BC58-C1DA05B76AA8}.Release|ARM.ActiveCfg = Release|iPhone
		{EA3626AE-1E24-48A2-BC58-C1DA05B76AA8}.Release|iPhone.ActiveCfg = Release|iPhone
		{EA3626AE-1E24-48A2-BC58-C1DA05B76AA8}.Release|iPhone.Build.0 = Release|iPhone
		{EA3626AE-1E24-48A2-BC58-C1DA05B76AA8}.Release|iPhoneSimulator.ActiveCfg = Release|iPhoneSimulator
		{EA3626AE-1E24-48A2-BC58-C1DA05B76AA8}.Release|iPhoneSimulator.Build.0 = Release|iPhoneSimulator
		{EA3626AE-1E24-48A2-BC58-C1DA05B76AA8}.Release|x64.ActiveCfg = Release|iPhone
		{EA3626AE-1E24-48A2-BC58-C1DA05B76AA8}.Release|x86.ActiveCfg = Release|iPhone
		{BE9F79BC-6432-4F6D-A5D1-D6F0659C966B}.Ad-Hoc|Any CPU.ActiveCfg = Release|x86
		{BE9F79BC-6432-4F6D-A5D1-D6F0659C966B}.Ad-Hoc|Any CPU.Build.0 = Release|x86
		{BE9F79BC-6432-4F6D-A5D1-D6F0659C966B}.Ad-Hoc|Any CPU.Deploy.0 = Release|x86
		{BE9F79BC-6432-4F6D-A5D1-D6F0659C966B}.Ad-Hoc|ARM.ActiveCfg = Release|ARM
		{BE9F79BC-6432-4F6D-A5D1-D6F0659C966B}.Ad-Hoc|ARM.Build.0 = Release|ARM
		{BE9F79BC-6432-4F6D-A5D1-D6F0659C966B}.Ad-Hoc|ARM.Deploy.0 = Release|ARM
		{BE9F79BC-6432-4F6D-A5D1-D6F0659C966B}.Ad-Hoc|iPhone.ActiveCfg = Release|x86
		{BE9F79BC-6432-4F6D-A5D1-D6F0659C966B}.Ad-Hoc|iPhone.Build.0 = Release|x86
		{BE9F79BC-6432-4F6D-A5D1-D6F0659C966B}.Ad-Hoc|iPhone.Deploy.0 = Release|x86
		{BE9F79BC-6432-4F6D-A5D1-D6F0659C966B}.Ad-Hoc|iPhoneSimulator.ActiveCfg = Release|x86
		{BE9F79BC-6432-4F6D-A5D1-D6F0659C966B}.Ad-Hoc|iPhoneSimulator.Build.0 = Release|x86
		{BE9F79BC-6432-4F6D-A5D1-D6F0659C966B}.Ad-Hoc|iPhoneSimulator.Deploy.0 = Release|x86
		{BE9F79BC-6432-4F6D-A5D1-D6F0659C966B}.Ad-Hoc|x64.ActiveCfg = Release|x64
		{BE9F79BC-6432-4F6D-A5D1-D6F0659C966B}.Ad-Hoc|x64.Build.0 = Release|x64
		{BE9F79BC-6432-4F6D-A5D1-D6F0659C966B}.Ad-Hoc|x64.Deploy.0 = Release|x64
		{BE9F79BC-6432-4F6D-A5D1-D6F0659C966B}.Ad-Hoc|x86.ActiveCfg = Release|x86
		{BE9F79BC-6432-4F6D-A5D1-D6F0659C966B}.Ad-Hoc|x86.Build.0 = Release|x86
		{BE9F79BC-6432-4F6D-A5D1-D6F0659C966B}.Ad-Hoc|x86.Deploy.0 = Release|x86
		{BE9F79BC-6432-4F6D-A5D1-D6F0659C966B}.AppStore|Any CPU.ActiveCfg = Release|x86
		{BE9F79BC-6432-4F6D-A5D1-D6F0659C966B}.AppStore|Any CPU.Build.0 = Release|x86
		{BE9F79BC-6432-4F6D-A5D1-D6F0659C966B}.AppStore|Any CPU.Deploy.0 = Release|x86
		{BE9F79BC-6432-4F6D-A5D1-D6F0659C966B}.AppStore|ARM.ActiveCfg = Release|ARM
		{BE9F79BC-6432-4F6D-A5D1-D6F0659C966B}.AppStore|ARM.Build.0 = Release|ARM
		{BE9F79BC-6432-4F6D-A5D1-D6F0659C966B}.AppStore|ARM.Deploy.0 = Release|ARM
		{BE9F79BC-6432-4F6D-A5D1-D6F0659C966B}.AppStore|iPhone.ActiveCfg = Release|x86
		{BE9F79BC-6432-4F6D-A5D1-D6F0659C966B}.AppStore|iPhone.Build.0 = Release|x86
		{BE9F79BC-6432-4F6D-A5D1-D6F0659C966B}.AppStore|iPhone.Deploy.0 = Release|x86
		{BE9F79BC-6432-4F6D-A5D1-D6F0659C966B}.AppStore|iPhoneSimulator.ActiveCfg = Release|x86
		{BE9F79BC-6432-4F6D-A5D1-D6F0659C966B}.AppStore|iPhoneSimulator.Build.0 = Release|x86
		{BE9F79BC-6432-4F6D-A5D1-D6F0659C966B}.AppStore|iPhoneSimulator.Deploy.0 = Release|x86
		{BE9F79BC-6432-4F6D-A5D1-D6F0659C966B}.AppStore|x64.ActiveCfg = Release|x64
		{BE9F79BC-6432-4F6D-A5D1-D6F0659C966B}.AppStore|x64.Build.0 = Release|x64
		{BE9F79BC-6432-4F6D-A5D1-D6F0659C966B}.AppStore|x64.Deploy.0 = Release|x64
		{BE9F79BC-6432-4F6D-A5D1-D6F0659C966B}.AppStore|x86.ActiveCfg = Release|x86
		{BE9F79BC-6432-4F6D-A5D1-D6F0659C966B}.AppStore|x86.Build.0 = Release|x86
		{BE9F79BC-6432-4F6D-A5D1-D6F0659C966B}.AppStore|x86.Deploy.0 = Release|x86
		{BE9F79BC-6432-4F6D-A5D1-D6F0659C966B}.Debug|Any CPU.ActiveCfg = Debug|x86
		{BE9F79BC-6432-4F6D-A5D1-D6F0659C966B}.Debug|Any CPU.Build.0 = Debug|x86
		{BE9F79BC-6432-4F6D-A5D1-D6F0659C966B}.Debug|Any CPU.Deploy.0 = Debug|x86
		{BE9F79BC-6432-4F6D-A5D1-D6F0659C966B}.Debug|ARM.ActiveCfg = Debug|ARM
		{BE9F79BC-6432-4F6D-A5D1-D6F0659C966B}.Debug|ARM.Build.0 = Debug|ARM
		{BE9F79BC-6432-4F6D-A5D1-D6F0659C966B}.Debug|ARM.Deploy.0 = Debug|ARM
		{BE9F79BC-6432-4F6D-A5D1-D6F0659C966B}.Debug|iPhone.ActiveCfg = Debug|x86
		{BE9F79BC-6432-4F6D-A5D1-D6F0659C966B}.Debug|iPhoneSimulator.ActiveCfg = Debug|x86
		{BE9F79BC-6432-4F6D-A5D1-D6F0659C966B}.Debug|x64.ActiveCfg = Debug|x64
		{BE9F79BC-6432-4F6D-A5D1-D6F0659C966B}.Debug|x64.Build.0 = Debug|x64
		{BE9F79BC-6432-4F6D-A5D1-D6F0659C966B}.Debug|x64.Deploy.0 = Debug|x64
		{BE9F79BC-6432-4F6D-A5D1-D6F0659C966B}.Debug|x86.ActiveCfg = Debug|x86
		{BE9F79BC-6432-4F6D-A5D1-D6F0659C966B}.Debug|x86.Build.0 = Debug|x86
		{BE9F79BC-6432-4F6D-A5D1-D6F0659C966B}.Debug|x86.Deploy.0 = Debug|x86
		{BE9F79BC-6432-4F6D-A5D1-D6F0659C966B}.Release|Any CPU.ActiveCfg = Release|x86
		{BE9F79BC-6432-4F6D-A5D1-D6F0659C966B}.Release|ARM.ActiveCfg = Release|ARM
		{BE9F79BC-6432-4F6D-A5D1-D6F0659C966B}.Release|ARM.Build.0 = Release|ARM
		{BE9F79BC-6432-4F6D-A5D1-D6F0659C966B}.Release|ARM.Deploy.0 = Release|ARM
		{BE9F79BC-6432-4F6D-A5D1-D6F0659C966B}.Release|iPhone.ActiveCfg = Release|x86
		{BE9F79BC-6432-4F6D-A5D1-D6F0659C966B}.Release|iPhoneSimulator.ActiveCfg = Release|x86
		{BE9F79BC-6432-4F6D-A5D1-D6F0659C966B}.Release|x64.ActiveCfg = Release|x64
		{BE9F79BC-6432-4F6D-A5D1-D6F0659C966B}.Release|x64.Build.0 = Release|x64
		{BE9F79BC-6432-4F6D-A5D1-D6F0659C966B}.Release|x64.Deploy.0 = Release|x64
		{BE9F79BC-6432-4F6D-A5D1-D6F0659C966B}.Release|x86.ActiveCfg = Release|x86
		{BE9F79BC-6432-4F6D-A5D1-D6F0659C966B}.Release|x86.Build.0 = Release|x86
		{BE9F79BC-6432-4F6D-A5D1-D6F0659C966B}.Release|x86.Deploy.0 = Release|x86
	EndGlobalSection
	GlobalSection(SolutionProperties) = preSolution
		HideSolutionNode = FALSE
	EndGlobalSection
EndGlobal
